// !$*UTF8*$!
{
	archiveVersion = 1;
	classes = {
	};
	objectVersion = 55;
	objects = {

/* Begin PBXBuildFile section */
		681995402743EE90007FA69F /* AppDelegate.swift in Sources */ = {isa = PBXBuildFile; fileRef = 6819953F2743EE90007FA69F /* AppDelegate.swift */; };
		681995422743EE90007FA69F /* ContentView.swift in Sources */ = {isa = PBXBuildFile; fileRef = 681995412743EE90007FA69F /* ContentView.swift */; };
		681995442743EE90007FA69F /* Experience.rcproject in Sources */ = {isa = PBXBuildFile; fileRef = 681995432743EE90007FA69F /* Experience.rcproject */; };
		681995462743EE91007FA69F /* Assets.xcassets in Resources */ = {isa = PBXBuildFile; fileRef = 681995452743EE91007FA69F /* Assets.xcassets */; };
		681995492743EE91007FA69F /* Preview Assets.xcassets in Resources */ = {isa = PBXBuildFile; fileRef = 681995482743EE91007FA69F /* Preview Assets.xcassets */; };
		681995532743EE91007FA69F /* ARBeaconTests.swift in Sources */ = {isa = PBXBuildFile; fileRef = 681995522743EE91007FA69F /* ARBeaconTests.swift */; };
		6819955D2743EE91007FA69F /* ARBeaconUITests.swift in Sources */ = {isa = PBXBuildFile; fileRef = 6819955C2743EE91007FA69F /* ARBeaconUITests.swift */; };
		6819955F2743EE91007FA69F /* ARBeaconUITestsLaunchTests.swift in Sources */ = {isa = PBXBuildFile; fileRef = 6819955E2743EE91007FA69F /* ARBeaconUITestsLaunchTests.swift */; };
/* End PBXBuildFile section */

/* Begin PBXContainerItemProxy section */
		6819954F2743EE91007FA69F /* PBXContainerItemProxy */ = {
			isa = PBXContainerItemProxy;
			containerPortal = 681995342743EE90007FA69F /* Project object */;
			proxyType = 1;
			remoteGlobalIDString = 6819953B2743EE90007FA69F;
			remoteInfo = ARBeacon;
		};
		681995592743EE91007FA69F /* PBXContainerItemProxy */ = {
			isa = PBXContainerItemProxy;
			containerPortal = 681995342743EE90007FA69F /* Project object */;
			proxyType = 1;
			remoteGlobalIDString = 6819953B2743EE90007FA69F;
			remoteInfo = ARBeacon;
		};
/* End PBXContainerItemProxy section */

/* Begin PBXFileReference section */
		6819953C2743EE90007FA69F /* ARBeacon.app */ = {isa = PBXFileReference; explicitFileType = wrapper.application; includeInIndex = 0; path = ARBeacon.app; sourceTree = BUILT_PRODUCTS_DIR; };
		6819953F2743EE90007FA69F /* AppDelegate.swift */ = {isa = PBXFileReference; lastKnownFileType = sourcecode.swift; path = AppDelegate.swift; sourceTree = "<group>"; };
		681995412743EE90007FA69F /* ContentView.swift */ = {isa = PBXFileReference; lastKnownFileType = sourcecode.swift; path = ContentView.swift; sourceTree = "<group>"; };
		681995432743EE90007FA69F /* Experience.rcproject */ = {isa = PBXFileReference; lastKnownFileType = file.rcproject; path = Experience.rcproject; sourceTree = "<group>"; };
		681995452743EE91007FA69F /* Assets.xcassets */ = {isa = PBXFileReference; lastKnownFileType = folder.assetcatalog; path = Assets.xcassets; sourceTree = "<group>"; };
		681995482743EE91007FA69F /* Preview Assets.xcassets */ = {isa = PBXFileReference; lastKnownFileType = folder.assetcatalog; path = "Preview Assets.xcassets"; sourceTree = "<group>"; };
		6819954E2743EE91007FA69F /* ARBeaconTests.xctest */ = {isa = PBXFileReference; explicitFileType = wrapper.cfbundle; includeInIndex = 0; path = ARBeaconTests.xctest; sourceTree = BUILT_PRODUCTS_DIR; };
		681995522743EE91007FA69F /* ARBeaconTests.swift */ = {isa = PBXFileReference; lastKnownFileType = sourcecode.swift; path = ARBeaconTests.swift; sourceTree = "<group>"; };
		681995582743EE91007FA69F /* ARBeaconUITests.xctest */ = {isa = PBXFileReference; explicitFileType = wrapper.cfbundle; includeInIndex = 0; path = ARBeaconUITests.xctest; sourceTree = BUILT_PRODUCTS_DIR; };
		6819955C2743EE91007FA69F /* ARBeaconUITests.swift */ = {isa = PBXFileReference; lastKnownFileType = sourcecode.swift; path = ARBeaconUITests.swift; sourceTree = "<group>"; };
		6819955E2743EE91007FA69F /* ARBeaconUITestsLaunchTests.swift */ = {isa = PBXFileReference; lastKnownFileType = sourcecode.swift; path = ARBeaconUITestsLaunchTests.swift; sourceTree = "<group>"; };
/* End PBXFileReference section */

/* Begin PBXFrameworksBuildPhase section */
		681995392743EE90007FA69F /* Frameworks */ = {
			isa = PBXFrameworksBuildPhase;
			buildActionMask = 2147483647;
			files = (
			);
			runOnlyForDeploymentPostprocessing = 0;
		};
		6819954B2743EE91007FA69F /* Frameworks */ = {
			isa = PBXFrameworksBuildPhase;
			buildActionMask = 2147483647;
			files = (
			);
			runOnlyForDeploymentPostprocessing = 0;
		};
		681995552743EE91007FA69F /* Frameworks */ = {
			isa = PBXFrameworksBuildPhase;
			buildActionMask = 2147483647;
			files = (
			);
			runOnlyForDeploymentPostprocessing = 0;
		};
/* End PBXFrameworksBuildPhase section */

/* Begin PBXGroup section */
		681995332743EE90007FA69F = {
			isa = PBXGroup;
			children = (
				6819953E2743EE90007FA69F /* ARBeacon */,
				681995512743EE91007FA69F /* ARBeaconTests */,
				6819955B2743EE91007FA69F /* ARBeaconUITests */,
				6819953D2743EE90007FA69F /* Products */,
			);
			sourceTree = "<group>";
		};
		6819953D2743EE90007FA69F /* Products */ = {
			isa = PBXGroup;
			children = (
				6819953C2743EE90007FA69F /* ARBeacon.app */,
				6819954E2743EE91007FA69F /* ARBeaconTests.xctest */,
				681995582743EE91007FA69F /* ARBeaconUITests.xctest */,
			);
			name = Products;
			sourceTree = "<group>";
		};
		6819953E2743EE90007FA69F /* ARBeacon */ = {
			isa = PBXGroup;
			children = (
				6819953F2743EE90007FA69F /* AppDelegate.swift */,
				681995412743EE90007FA69F /* ContentView.swift */,
				681995432743EE90007FA69F /* Experience.rcproject */,
				681995452743EE91007FA69F /* Assets.xcassets */,
				681995472743EE91007FA69F /* Preview Content */,
			);
			path = ARBeacon;
			sourceTree = "<group>";
		};
		681995472743EE91007FA69F /* Preview Content */ = {
			isa = PBXGroup;
			children = (
				681995482743EE91007FA69F /* Preview Assets.xcassets */,
			);
			path = "Preview Content";
			sourceTree = "<group>";
		};
		681995512743EE91007FA69F /* ARBeaconTests */ = {
			isa = PBXGroup;
			children = (
				681995522743EE91007FA69F /* ARBeaconTests.swift */,
			);
			path = ARBeaconTests;
			sourceTree = "<group>";
		};
		6819955B2743EE91007FA69F /* ARBeaconUITests */ = {
			isa = PBXGroup;
			children = (
				6819955C2743EE91007FA69F /* ARBeaconUITests.swift */,
				6819955E2743EE91007FA69F /* ARBeaconUITestsLaunchTests.swift */,
			);
			path = ARBeaconUITests;
			sourceTree = "<group>";
		};
/* End PBXGroup section */

/* Begin PBXNativeTarget section */
		6819953B2743EE90007FA69F /* ARBeacon */ = {
			isa = PBXNativeTarget;
			buildConfigurationList = 681995622743EE91007FA69F /* Build configuration list for PBXNativeTarget "ARBeacon" */;
			buildPhases = (
				681995382743EE90007FA69F /* Sources */,
				681995392743EE90007FA69F /* Frameworks */,
				6819953A2743EE90007FA69F /* Resources */,
			);
			buildRules = (
			);
			dependencies = (
			);
			name = ARBeacon;
			productName = ARBeacon;
			productReference = 6819953C2743EE90007FA69F /* ARBeacon.app */;
			productType = "com.apple.product-type.application";
		};
		6819954D2743EE91007FA69F /* ARBeaconTests */ = {
			isa = PBXNativeTarget;
			buildConfigurationList = 681995652743EE91007FA69F /* Build configuration list for PBXNativeTarget "ARBeaconTests" */;
			buildPhases = (
				6819954A2743EE91007FA69F /* Sources */,
				6819954B2743EE91007FA69F /* Frameworks */,
				6819954C2743EE91007FA69F /* Resources */,
			);
			buildRules = (
			);
			dependencies = (
				681995502743EE91007FA69F /* PBXTargetDependency */,
			);
			name = ARBeaconTests;
			productName = ARBeaconTests;
			productReference = 6819954E2743EE91007FA69F /* ARBeaconTests.xctest */;
			productType = "com.apple.product-type.bundle.unit-test";
		};
		681995572743EE91007FA69F /* ARBeaconUITests */ = {
			isa = PBXNativeTarget;
			buildConfigurationList = 681995682743EE91007FA69F /* Build configuration list for PBXNativeTarget "ARBeaconUITests" */;
			buildPhases = (
				681995542743EE91007FA69F /* Sources */,
				681995552743EE91007FA69F /* Frameworks */,
				681995562743EE91007FA69F /* Resources */,
			);
			buildRules = (
			);
			dependencies = (
				6819955A2743EE91007FA69F /* PBXTargetDependency */,
			);
			name = ARBeaconUITests;
			productName = ARBeaconUITests;
			productReference = 681995582743EE91007FA69F /* ARBeaconUITests.xctest */;
			productType = "com.apple.product-type.bundle.ui-testing";
		};
/* End PBXNativeTarget section */

/* Begin PBXProject section */
		681995342743EE90007FA69F /* Project object */ = {
			isa = PBXProject;
			attributes = {
				BuildIndependentTargetsInParallel = 1;
				LastSwiftUpdateCheck = 1300;
				LastUpgradeCheck = 1300;
				TargetAttributes = {
					6819953B2743EE90007FA69F = {
						CreatedOnToolsVersion = 13.0;
					};
					6819954D2743EE91007FA69F = {
						CreatedOnToolsVersion = 13.0;
						TestTargetID = 6819953B2743EE90007FA69F;
					};
					681995572743EE91007FA69F = {
						CreatedOnToolsVersion = 13.0;
						TestTargetID = 6819953B2743EE90007FA69F;
					};
				};
			};
			buildConfigurationList = 681995372743EE90007FA69F /* Build configuration list for PBXProject "ARBeacon" */;
			compatibilityVersion = "Xcode 13.0";
			developmentRegion = en;
			hasScannedForEncodings = 0;
			knownRegions = (
				en,
				Base,
			);
			mainGroup = 681995332743EE90007FA69F;
			productRefGroup = 6819953D2743EE90007FA69F /* Products */;
			projectDirPath = "";
			projectRoot = "";
			targets = (
				6819953B2743EE90007FA69F /* ARBeacon */,
				6819954D2743EE91007FA69F /* ARBeaconTests */,
				681995572743EE91007FA69F /* ARBeaconUITests */,
			);
		};
/* End PBXProject section */

/* Begin PBXResourcesBuildPhase section */
		6819953A2743EE90007FA69F /* Resources */ = {
			isa = PBXResourcesBuildPhase;
			buildActionMask = 2147483647;
			files = (
				681995492743EE91007FA69F /* Preview Assets.xcassets in Resources */,
				681995462743EE91007FA69F /* Assets.xcassets in Resources */,
			);
			runOnlyForDeploymentPostprocessing = 0;
		};
		6819954C2743EE91007FA69F /* Resources */ = {
			isa = PBXResourcesBuildPhase;
			buildActionMask = 2147483647;
			files = (
			);
			runOnlyForDeploymentPostprocessing = 0;
		};
		681995562743EE91007FA69F /* Resources */ = {
			isa = PBXResourcesBuildPhase;
			buildActionMask = 2147483647;
			files = (
			);
			runOnlyForDeploymentPostprocessing = 0;
		};
/* End PBXResourcesBuildPhase section */

/* Begin PBXSourcesBuildPhase section */
		681995382743EE90007FA69F /* Sources */ = {
			isa = PBXSourcesBuildPhase;
			buildActionMask = 2147483647;
			files = (
				681995422743EE90007FA69F /* ContentView.swift in Sources */,
				681995402743EE90007FA69F /* AppDelegate.swift in Sources */,
				681995442743EE90007FA69F /* Experience.rcproject in Sources */,
			);
			runOnlyForDeploymentPostprocessing = 0;
		};
		6819954A2743EE91007FA69F /* Sources */ = {
			isa = PBXSourcesBuildPhase;
			buildActionMask = 2147483647;
			files = (
				681995532743EE91007FA69F /* ARBeaconTests.swift in Sources */,
			);
			runOnlyForDeploymentPostprocessing = 0;
		};
		681995542743EE91007FA69F /* Sources */ = {
			isa = PBXSourcesBuildPhase;
			buildActionMask = 2147483647;
			files = (
				6819955F2743EE91007FA69F /* ARBeaconUITestsLaunchTests.swift in Sources */,
				6819955D2743EE91007FA69F /* ARBeaconUITests.swift in Sources */,
			);
			runOnlyForDeploymentPostprocessing = 0;
		};
/* End PBXSourcesBuildPhase section */

/* Begin PBXTargetDependency section */
		681995502743EE91007FA69F /* PBXTargetDependency */ = {
			isa = PBXTargetDependency;
			target = 6819953B2743EE90007FA69F /* ARBeacon */;
			targetProxy = 6819954F2743EE91007FA69F /* PBXContainerItemProxy */;
		};
		6819955A2743EE91007FA69F /* PBXTargetDependency */ = {
			isa = PBXTargetDependency;
			target = 6819953B2743EE90007FA69F /* ARBeacon */;
			targetProxy = 681995592743EE91007FA69F /* PBXContainerItemProxy */;
		};
/* End PBXTargetDependency section */

/* Begin XCBuildConfiguration section */
		681995602743EE91007FA69F /* Debug */ = {
			isa = XCBuildConfiguration;
			buildSettings = {
				ALWAYS_SEARCH_USER_PATHS = NO;
				CLANG_ANALYZER_NONNULL = YES;
				CLANG_ANALYZER_NUMBER_OBJECT_CONVERSION = YES_AGGRESSIVE;
				CLANG_CXX_LANGUAGE_STANDARD = "gnu++17";
				CLANG_CXX_LIBRARY = "libc++";
				CLANG_ENABLE_MODULES = YES;
				CLANG_ENABLE_OBJC_ARC = YES;
				CLANG_ENABLE_OBJC_WEAK = YES;
				CLANG_WARN_BLOCK_CAPTURE_AUTORELEASING = YES;
				CLANG_WARN_BOOL_CONVERSION = YES;
				CLANG_WARN_COMMA = YES;
				CLANG_WARN_CONSTANT_CONVERSION = YES;
				CLANG_WARN_DEPRECATED_OBJC_IMPLEMENTATIONS = YES;
				CLANG_WARN_DIRECT_OBJC_ISA_USAGE = YES_ERROR;
				CLANG_WARN_DOCUMENTATION_COMMENTS = YES;
				CLANG_WARN_EMPTY_BODY = YES;
				CLANG_WARN_ENUM_CONVERSION = YES;
				CLANG_WARN_INFINITE_RECURSION = YES;
				CLANG_WARN_INT_CONVERSION = YES;
				CLANG_WARN_NON_LITERAL_NULL_CONVERSION = YES;
				CLANG_WARN_OBJC_IMPLICIT_RETAIN_SELF = YES;
				CLANG_WARN_OBJC_LITERAL_CONVERSION = YES;
				CLANG_WARN_OBJC_ROOT_CLASS = YES_ERROR;
				CLANG_WARN_QUOTED_INCLUDE_IN_FRAMEWORK_HEADER = YES;
				CLANG_WARN_RANGE_LOOP_ANALYSIS = YES;
				CLANG_WARN_STRICT_PROTOTYPES = YES;
				CLANG_WARN_SUSPICIOUS_MOVE = YES;
				CLANG_WARN_UNGUARDED_AVAILABILITY = YES_AGGRESSIVE;
				CLANG_WARN_UNREACHABLE_CODE = YES;
				CLANG_WARN__DUPLICATE_METHOD_MATCH = YES;
				COPY_PHASE_STRIP = NO;
				DEBUG_INFORMATION_FORMAT = dwarf;
				ENABLE_STRICT_OBJC_MSGSEND = YES;
				ENABLE_TESTABILITY = YES;
				GCC_C_LANGUAGE_STANDARD = gnu11;
				GCC_DYNAMIC_NO_PIC = NO;
				GCC_NO_COMMON_BLOCKS = YES;
				GCC_OPTIMIZATION_LEVEL = 0;
				GCC_PREPROCESSOR_DEFINITIONS = (
					"DEBUG=1",
					"$(inherited)",
				);
				GCC_WARN_64_TO_32_BIT_CONVERSION = YES;
				GCC_WARN_ABOUT_RETURN_TYPE = YES_ERROR;
				GCC_WARN_UNDECLARED_SELECTOR = YES;
				GCC_WARN_UNINITIALIZED_AUTOS = YES_AGGRESSIVE;
				GCC_WARN_UNUSED_FUNCTION = YES;
				GCC_WARN_UNUSED_VARIABLE = YES;
				IPHONEOS_DEPLOYMENT_TARGET = 15.0;
				MTL_ENABLE_DEBUG_INFO = INCLUDE_SOURCE;
				MTL_FAST_MATH = YES;
				ONLY_ACTIVE_ARCH = YES;
				SDKROOT = iphoneos;
				SWIFT_ACTIVE_COMPILATION_CONDITIONS = DEBUG;
				SWIFT_OPTIMIZATION_LEVEL = "-Onone";
			};
			name = Debug;
		};
		681995612743EE91007FA69F /* Release */ = {
			isa = XCBuildConfiguration;
			buildSettings = {
				ALWAYS_SEARCH_USER_PATHS = NO;
				CLANG_ANALYZER_NONNULL = YES;
				CLANG_ANALYZER_NUMBER_OBJECT_CONVERSION = YES_AGGRESSIVE;
				CLANG_CXX_LANGUAGE_STANDARD = "gnu++17";
				CLANG_CXX_LIBRARY = "libc++";
				CLANG_ENABLE_MODULES = YES;
				CLANG_ENABLE_OBJC_ARC = YES;
				CLANG_ENABLE_OBJC_WEAK = YES;
				CLANG_WARN_BLOCK_CAPTURE_AUTORELEASING = YES;
				CLANG_WARN_BOOL_CONVERSION = YES;
				CLANG_WARN_COMMA = YES;
				CLANG_WARN_CONSTANT_CONVERSION = YES;
				CLANG_WARN_DEPRECATED_OBJC_IMPLEMENTATIONS = YES;
				CLANG_WARN_DIRECT_OBJC_ISA_USAGE = YES_ERROR;
				CLANG_WARN_DOCUMENTATION_COMMENTS = YES;
				CLANG_WARN_EMPTY_BODY = YES;
				CLANG_WARN_ENUM_CONVERSION = YES;
				CLANG_WARN_INFINITE_RECURSION = YES;
				CLANG_WARN_INT_CONVERSION = YES;
				CLANG_WARN_NON_LITERAL_NULL_CONVERSION = YES;
				CLANG_WARN_OBJC_IMPLICIT_RETAIN_SELF = YES;
				CLANG_WARN_OBJC_LITERAL_CONVERSION = YES;
				CLANG_WARN_OBJC_ROOT_CLASS = YES_ERROR;
				CLANG_WARN_QUOTED_INCLUDE_IN_FRAMEWORK_HEADER = YES;
				CLANG_WARN_RANGE_LOOP_ANALYSIS = YES;
				CLANG_WARN_STRICT_PROTOTYPES = YES;
				CLANG_WARN_SUSPICIOUS_MOVE = YES;
				CLANG_WARN_UNGUARDED_AVAILABILITY = YES_AGGRESSIVE;
				CLANG_WARN_UNREACHABLE_CODE = YES;
				CLANG_WARN__DUPLICATE_METHOD_MATCH = YES;
				COPY_PHASE_STRIP = NO;
				DEBUG_INFORMATION_FORMAT = "dwarf-with-dsym";
				ENABLE_NS_ASSERTIONS = NO;
				ENABLE_STRICT_OBJC_MSGSEND = YES;
				GCC_C_LANGUAGE_STANDARD = gnu11;
				GCC_NO_COMMON_BLOCKS = YES;
				GCC_WARN_64_TO_32_BIT_CONVERSION = YES;
				GCC_WARN_ABOUT_RETURN_TYPE = YES_ERROR;
				GCC_WARN_UNDECLARED_SELECTOR = YES;
				GCC_WARN_UNINITIALIZED_AUTOS = YES_AGGRESSIVE;
				GCC_WARN_UNUSED_FUNCTION = YES;
				GCC_WARN_UNUSED_VARIABLE = YES;
				IPHONEOS_DEPLOYMENT_TARGET = 15.0;
				MTL_ENABLE_DEBUG_INFO = NO;
				MTL_FAST_MATH = YES;
				SDKROOT = iphoneos;
				SWIFT_COMPILATION_MODE = wholemodule;
				SWIFT_OPTIMIZATION_LEVEL = "-O";
				VALIDATE_PRODUCT = YES;
			};
			name = Release;
		};
		681995632743EE91007FA69F /* Debug */ = {
			isa = XCBuildConfiguration;
			buildSettings = {
				ASSETCATALOG_COMPILER_APPICON_NAME = AppIcon;
				ASSETCATALOG_COMPILER_GLOBAL_ACCENT_COLOR_NAME = AccentColor;
				CODE_SIGN_STYLE = Automatic;
				CURRENT_PROJECT_VERSION = 1;
				DEVELOPMENT_ASSET_PATHS = "\"ARBeacon/Preview Content\"";
				DEVELOPMENT_TEAM = DP8A74YR7Z;
				ENABLE_PREVIEWS = YES;
				GENERATE_INFOPLIST_FILE = YES;
				INFOPLIST_KEY_NSCameraUsageDescription = "";
				INFOPLIST_KEY_UIApplicationSupportsIndirectInputEvents = YES;
				INFOPLIST_KEY_UILaunchScreen_Generation = YES;
				INFOPLIST_KEY_UIRequiredDeviceCapabilities = arkit;
				INFOPLIST_KEY_UIStatusBarHidden = YES;
				INFOPLIST_KEY_UISupportedInterfaceOrientations_iPad = "UIInterfaceOrientationPortrait UIInterfaceOrientationPortraitUpsideDown UIInterfaceOrientationLandscapeLeft UIInterfaceOrientationLandscapeRight";
				INFOPLIST_KEY_UISupportedInterfaceOrientations_iPhone = "UIInterfaceOrientationPortrait UIInterfaceOrientationLandscapeLeft UIInterfaceOrientationLandscapeRight";
				LD_RUNPATH_SEARCH_PATHS = (
					"$(inherited)",
					"@executable_path/Frameworks",
				);
				MARKETING_VERSION = 1.0;
				PRODUCT_BUNDLE_IDENTIFIER = com.eaallen.ARBeacon;
				PRODUCT_NAME = "$(TARGET_NAME)";
				SWIFT_EMIT_LOC_STRINGS = YES;
				SWIFT_VERSION = 5.0;
				TARGETED_DEVICE_FAMILY = "1,2";
			};
			name = Debug;
		};
		681995642743EE91007FA69F /* Release */ = {
			isa = XCBuildConfiguration;
			buildSettings = {
				ASSETCATALOG_COMPILER_APPICON_NAME = AppIcon;
				ASSETCATALOG_COMPILER_GLOBAL_ACCENT_COLOR_NAME = AccentColor;
				CODE_SIGN_STYLE = Automatic;
				CURRENT_PROJECT_VERSION = 1;
				DEVELOPMENT_ASSET_PATHS = "\"ARBeacon/Preview Content\"";
				DEVELOPMENT_TEAM = DP8A74YR7Z;
				ENABLE_PREVIEWS = YES;
				GENERATE_INFOPLIST_FILE = YES;
				INFOPLIST_KEY_NSCameraUsageDescription = "";
				INFOPLIST_KEY_UIApplicationSupportsIndirectInputEvents = YES;
				INFOPLIST_KEY_UILaunchScreen_Generation = YES;
				INFOPLIST_KEY_UIRequiredDeviceCapabilities = arkit;
				INFOPLIST_KEY_UIStatusBarHidden = YES;
				INFOPLIST_KEY_UISupportedInterfaceOrientations_iPad = "UIInterfaceOrientationPortrait UIInterfaceOrientationPortraitUpsideDown UIInterfaceOrientationLandscapeLeft UIInterfaceOrientationLandscapeRight";
				INFOPLIST_KEY_UISupportedInterfaceOrientations_iPhone = "UIInterfaceOrientationPortrait UIInterfaceOrientationLandscapeLeft UIInterfaceOrientationLandscapeRight";
				LD_RUNPATH_SEARCH_PATHS = (
					"$(inherited)",
					"@executable_path/Frameworks",
				);
				MARKETING_VERSION = 1.0;
				PRODUCT_BUNDLE_IDENTIFIER = com.eaallen.ARBeacon;
				PRODUCT_NAME = "$(TARGET_NAME)";
				SWIFT_EMIT_LOC_STRINGS = YES;
				SWIFT_VERSION = 5.0;
				TARGETED_DEVICE_FAMILY = "1,2";
			};
			name = Release;
		};
		681995662743EE91007FA69F /* Debug */ = {
			isa = XCBuildConfiguration;
			buildSettings = {
				ALWAYS_EMBED_SWIFT_STANDARD_LIBRARIES = YES;
				BUNDLE_LOADER = "$(TEST_HOST)";
				CODE_SIGN_STYLE = Automatic;
				CURRENT_PROJECT_VERSION = 1;
				DEVELOPMENT_TEAM = DP8A74YR7Z;
				GENERATE_INFOPLIST_FILE = YES;
				IPHONEOS_DEPLOYMENT_TARGET = 15.0;
				LD_RUNPATH_SEARCH_PATHS = (
					"$(inherited)",
					"@executable_path/Frameworks",
					"@loader_path/Frameworks",
				);
				MARKETING_VERSION = 1.0;
				PRODUCT_BUNDLE_IDENTIFIER = com.eaallen.ARBeaconTests;
				PRODUCT_NAME = "$(TARGET_NAME)";
				SWIFT_EMIT_LOC_STRINGS = NO;
				SWIFT_VERSION = 5.0;
				TARGETED_DEVICE_FAMILY = "1,2";
				TEST_HOST = "$(BUILT_PRODUCTS_DIR)/ARBeacon.app/ARBeacon";
			};
			name = Debug;
		};
		681995672743EE91007FA69F /* Release */ = {
			isa = XCBuildConfiguration;
			buildSettings = {
				ALWAYS_EMBED_SWIFT_STANDARD_LIBRARIES = YES;
				BUNDLE_LOADER = "$(TEST_HOST)";
				CODE_SIGN_STYLE = Automatic;
				CURRENT_PROJECT_VERSION = 1;
				DEVELOPMENT_TEAM = DP8A74YR7Z;
				GENERATE_INFOPLIST_FILE = YES;
				IPHONEOS_DEPLOYMENT_TARGET = 15.0;
				LD_RUNPATH_SEARCH_PATHS = (
					"$(inherited)",
					"@executable_path/Frameworks",
					"@loader_path/Frameworks",
				);
				MARKETING_VERSION = 1.0;
				PRODUCT_BUNDLE_IDENTIFIER = com.eaallen.ARBeaconTests;
				PRODUCT_NAME = "$(TARGET_NAME)";
				SWIFT_EMIT_LOC_STRINGS = NO;
				SWIFT_VERSION = 5.0;
				TARGETED_DEVICE_FAMILY = "1,2";
				TEST_HOST = "$(BUILT_PRODUCTS_DIR)/ARBeacon.app/ARBeacon";
			};
			name = Release;
		};
		681995692743EE91007FA69F /* Debug */ = {
			isa = XCBuildConfiguration;
			buildSettings = {
				ALWAYS_EMBED_SWIFT_STANDARD_LIBRARIES = YES;
				CODE_SIGN_STYLE = Automatic;
				CURRENT_PROJECT_VERSION = 1;
				DEVELOPMENT_TEAM = DP8A74YR7Z;
				GENERATE_INFOPLIST_FILE = YES;
				LD_RUNPATH_SEARCH_PATHS = (
					"$(inherited)",
					"@executable_path/Frameworks",
					"@loader_path/Frameworks",
				);
				MARKETING_VERSION = 1.0;
				PRODUCT_BUNDLE_IDENTIFIER = com.eaallen.ARBeaconUITests;
				PRODUCT_NAME = "$(TARGET_NAME)";
				SWIFT_EMIT_LOC_STRINGS = NO;
				SWIFT_VERSION = 5.0;
				TARGETED_DEVICE_FAMILY = "1,2";
				TEST_TARGET_NAME = ARBeacon;
			};
			name = Debug;
		};
		6819956A2743EE91007FA69F /* Release */ = {
			isa = XCBuildConfiguration;
			buildSettings = {
				ALWAYS_EMBED_SWIFT_STANDARD_LIBRARIES = YES;
				CODE_SIGN_STYLE = Automatic;
				CURRENT_PROJECT_VERSION = 1;
				DEVELOPMENT_TEAM = DP8A74YR7Z;
				GENERATE_INFOPLIST_FILE = YES;
				LD_RUNPATH_SEARCH_PATHS = (
					"$(inherited)",
					"@executable_path/Frameworks",
					"@loader_path/Frameworks",
				);
				MARKETING_VERSION = 1.0;
				PRODUCT_BUNDLE_IDENTIFIER = com.eaallen.ARBeaconUITests;
				PRODUCT_NAME = "$(TARGET_NAME)";
				SWIFT_EMIT_LOC_STRINGS = NO;
				SWIFT_VERSION = 5.0;
				TARGETED_DEVICE_FAMILY = "1,2";
				TEST_TARGET_NAME = ARBeacon;
			};
			name = Release;
		};
/* End XCBuildConfiguration section */

/* Begin XCConfigurationList section */
		681995372743EE90007FA69F /* Build configuration list for PBXProject "ARBeacon" */ = {
			isa = XCConfigurationList;
			buildConfigurations = (
				681995602743EE91007FA69F /* Debug */,
				681995612743EE91007FA69F /* Release */,
			);
			defaultConfigurationIsVisible = 0;
			defaultConfigurationName = Release;
		};
		681995622743EE91007FA69F /* Build configuration list for PBXNativeTarget "ARBeacon" */ = {
			isa = XCConfigurationList;
			buildConfigurations = (
				681995632743EE91007FA69F /* Debug */,
				681995642743EE91007FA69F /* Release */,
			);
			defaultConfigurationIsVisible = 0;
			defaultConfigurationName = Release;
		};
		681995652743EE91007FA69F /* Build configuration list for PBXNativeTarget "ARBeaconTests" */ = {
			isa = XCConfigurationList;
			buildConfigurations = (
				681995662743EE91007FA69F /* Debug */,
				681995672743EE91007FA69F /* Release */,
			);
			defaultConfigurationIsVisible = 0;
			defaultConfigurationName = Release;
		};
		681995682743EE91007FA69F /* Build configuration list for PBXNativeTarget "ARBeaconUITests" */ = {
			isa = XCConfigurationList;
			buildConfigurations = (
				681995692743EE91007FA69F /* Debug */,
				6819956A2743EE91007FA69F /* Release */,
			);
			defaultConfigurationIsVisible = 0;
			defaultConfigurationName = Release;
		};
/* End XCConfigurationList section */
	};
	rootObject = 681995342743EE90007FA69F /* Project object */;
}
